
Microsoft Visual Studio Solution File, Format Version 12.00
# Visual Studio Version 16
VisualStudioVersion = 16.0.31515.178
MinimumVisualStudioVersion = 10.0.40219.1
Project("{FAE04EC0-301F-11D3-BF4B-00C04F79EFBC}") = "WebApp", "WebApp.csproj", "{1C6385C5-4371-4628-85C5-93BD3CF8A8D5}"
EndProject
Global
	GlobalSection(SolutionConfigurationPlatforms) = preSolution
		Debug|Any CPU = Debug|Any CPU
		Release|Any CPU = Release|Any CPU
	EndGlobalSection
	GlobalSection(ProjectConfigurationPlatforms) = postSolution
		{1C6385C5-4371-4628-85C5-93BD3CF8A8D5}.Debug|Any CPU.ActiveCfg = Debug|Any CPU
		{1C6385C5-4371-4628-85C5-93BD3CF8A8D5}.Debug|Any CPU.Build.0 = Debug|Any CPU
		{1C6385C5-4371-4628-85C5-93BD3CF8A8D5}.Release|Any CPU.ActiveCfg = Release|Any CPU
		{1C6385C5-4371-4628-85C5-93BD3CF8A8D5}.Release|Any CPU.Build.0 = Release|Any CPU
	EndGlobalSection
	GlobalSection(SolutionProperties) = preSolution
		HideSolutionNode = FALSE
	EndGlobalSection
	GlobalSection(ExtensibilityGlobals) = postSolution
		SolutionGuid = {B9F0C295-B61B-40C9-9DBC-77EA35CE4103}
	EndGlobalSection
EndGlobal
